%{"distillery": {:hex, :distillery, "1.1.0", "e9943bd29557e9c252a051d8ac4b47e597cd9bf2a74332b8628eab4954eb51d7", [:mix], []},
  "elixir_make": {:hex, :elixir_make, "0.4.0", "992f38fabe705bb45821a728f20914c554b276838433349d4f2341f7a687cddf", [:mix], []},
  "ex_ncurses": {:git, "https://github.com/jfreeze/ex_ncurses.git", "2fd3ecb1c8a1c5e04ddb496bb8d57f30b619f59e", [ref: "2fd3ecb1c8a1c5e04ddb496bb8d57f30b619f59e"]},
  "logger_file_backend": {:hex, :logger_file_backend, "0.0.9", "5c2f7d4a28431e695cdf94d191523dbafe609321a67bb654254897f546c393db", [:mix], []},
  "nerves": {:hex, :nerves, "0.4.7", "c8d08348e6f717cf140da26dc374bcf2f6f7c2bec646073aeab049e08b588173", [:mix], [{:distillery, "~> 1.0", [hex: :distillery, optional: false]}]},
  "nerves_interim_wifi": {:hex, :nerves_interim_wifi, "0.0.2", "51c51578fc0a5d929a8ea26d54e6f470bcca24762742473cb44be3a622458a98", [:make, :mix], [{:elixir_make, "~> 0.3", [hex: :elixir_make, optional: false]}, {:nerves_network_interface, "~> 0.3.1", [hex: :nerves_network_interface, optional: false]}, {:nerves_wpa_supplicant, "~> 0.2.2", [hex: :nerves_wpa_supplicant, optional: false]}]},
  "nerves_network_interface": {:hex, :nerves_network_interface, "0.3.3", "0a49e00f9f0bdb482e94d8e9885cf0a250ae04cc18d248d83bc184b8813ddda2", [:make, :mix], [{:elixir_make, "~> 0.3", [hex: :elixir_make, optional: false]}]},
  "nerves_system_br": {:hex, :nerves_system_br, "0.9.4", "5096a9dfec49d4663ccb94c4a4fe45885303fbf31108f7e9400369bdec94b5e7", [:mix], []},
  "nerves_system_ev3": {:hex, :nerves_system_ev3, "0.10.1", "17617ec979cafbd23b68a774674d1b25f8399012e32da072737e40c1b094e31e", [:mix], [{:nerves, "~> 0.4.0", [hex: :nerves, optional: false]}, {:nerves_system_br, "~> 0.9.4", [hex: :nerves_system_br, optional: false]}, {:nerves_toolchain_armv5tejl_unknown_linux_musleabi, "~> 0.9.0", [hex: :nerves_toolchain_armv5tejl_unknown_linux_musleabi, optional: false]}]},
  "nerves_toolchain_armv5tejl_unknown_linux_musleabi": {:hex, :nerves_toolchain_armv5tejl_unknown_linux_musleabi, "0.9.0", "1ec5d575ccce45ff2a46f5dded0efd5a4eb5a285306b6e299b7c937e70d9359c", [:mix], [{:nerves, "~> 0.4.0", [hex: :nerves, optional: false]}, {:nerves_toolchain_ctng, "~> 0.8.0", [hex: :nerves_toolchain_ctng, optional: false]}]},
  "nerves_toolchain_ctng": {:hex, :nerves_toolchain_ctng, "0.8.0", "6dff7ed51e1711c5f4da3d559bc528a8265e3dd950dda95f4d6832aed9dbe320", [:mix], []},
  "nerves_wpa_supplicant": {:hex, :nerves_wpa_supplicant, "0.2.3", "2666b21bf0868f0d3b127930c3bacf59b178a0d015d308ae3985dcb7c1595870", [:make, :mix], [{:elixir_make, "~> 0.3", [hex: :elixir_make, optional: false]}]}}
